
Microsoft Visual Studio Solution File, Format Version 12.00
# Visual Studio Version 18
VisualStudioVersion = 18.7.11903.348
MinimumVisualStudioVersion = 10.0.40219.1
Project("{9A19103F-16F7-4668-BE54-9A1E7A4F7556}") = "TestAgentGrpc", "TestAgentGrpc\TestAgentGrpc.csproj", "{B1A2C3D4-1111-2222-3333-444455556666}"
EndProject
Project("{9A19103F-16F7-4668-BE54-9A1E7A4F7556}") = "TestAgentDisplay", "TestAgentDisplay\TestAgentDisplay.csproj", "{B1A2C3D4-7777-8888-9999-AAAABBBBCCCC}"
EndProject
Project("{9A19103F-16F7-4668-BE54-9A1E7A4F7556}") = "TestAgent.Diagnostics", "TestAgent.Diagnostics\TestAgent.Diagnostics.csproj", "{C7E1B2A4-9D3F-4E6A-8B12-7F0A5C9D3E11}"
EndProject
Project("{9A19103F-16F7-4668-BE54-9A1E7A4F7556}") = "TestControllerGrpc", "TestControllerGrpc\TestControllerGrpc.csproj", "{B1A2C3D4-DDDD-EEEE-FFFF-111122223333}"
EndProject
Project("{FAE04EC0-301F-11D3-BF4B-00C04F79EFBC}") = "TestControllerGrpc.Tests", "TestControllerGrpc.Tests\TestControllerGrpc.Tests.csproj", "{B4651753-9CC5-41AC-A19B-A01BF28E7AFA}"
EndProject
Project("{FAE04EC0-301F-11D3-BF4B-00C04F79EFBC}") = "TestControllerGrpc.Core", "TestControllerGrpc.Core\TestControllerGrpc.Core.csproj", "{9FF5727F-4BAB-44F4-BAA6-F83DE3F6367C}"
EndProject
Project("{FAE04EC0-301F-11D3-BF4B-00C04F79EFBC}") = "TestController.WebApi", "TestController.WebApi\TestController.WebApi.csproj", "{B5C11169-D14C-4AD4-849C-B6DFC1791A2D}"
EndProject
Project("{2150E333-8FDC-42A3-9474-1A3956D46DE8}") = "TestController.WebClient", "TestController.WebClient", "{02EA681E-C7D8-13C7-8484-4AC65E1B71E8}"
	ProjectSection(SolutionItems) = preProject
		TestController.WebClient\index.html = TestController.WebClient\index.html
		TestController.WebClient\package-lock.json = TestController.WebClient\package-lock.json
		TestController.WebClient\package.json = TestController.WebClient\package.json
		TestController.WebClient\postcss.config.js = TestController.WebClient\postcss.config.js
		TestController.WebClient\tailwind.config.js = TestController.WebClient\tailwind.config.js
		TestController.WebClient\tsconfig.json = TestController.WebClient\tsconfig.json
		TestController.WebClient\tsconfig.tsbuildinfo = TestController.WebClient\tsconfig.tsbuildinfo
		TestController.WebClient\vite.config.ts = TestController.WebClient\vite.config.ts
	EndProjectSection
EndProject
Project("{FAE04EC0-301F-11D3-BF4B-00C04F79EFBC}") = "TestController.WebApi.Tests", "TestController.WebApi.Tests\TestController.WebApi.Tests.csproj", "{CD8C8BCD-E5AF-BD6C-BDAA-D490C880F539}"
EndProject
Project("{FAE04EC0-301F-11D3-BF4B-00C04F79EFBC}") = "TestController.Api", "TestController.Api\TestController.Api.csproj", "{9774A34C-28A4-4F70-A5BA-EA5AB39B2381}"
EndProject
Project("{FAE04EC0-301F-11D3-BF4B-00C04F79EFBC}") = "TestController.Dashboard", "TestController.Dashboard\TestController.Dashboard.csproj", "{ACA2E0E5-A068-4E68-98C9-9BF71CF56FF0}"
EndProject
Project("{FAE04EC0-301F-11D3-BF4B-00C04F79EFBC}") = "TestController.Persistence", "TestController.Persistence\TestController.Persistence.csproj", "{5ADF1F3C-D0BA-4B91-BEA6-2E26CA1718C4}"
EndProject
Project("{FAE04EC0-301F-11D3-BF4B-00C04F79EFBC}") = "TestController.ApiTests", "TestController.ApiTests\TestController.ApiTests.csproj", "{B3C8E79A-5414-4891-B7D0-B193AF01CC4A}"
EndProject
Project("{FAE04EC0-301F-11D3-BF4B-00C04F79EFBC}") = "TestController.LoadTests", "TestController.LoadTests\TestController.LoadTests.csproj", "{AA3E83C1-7432-4775-A310-99839D74A73D}"
EndProject
Project("{FAE04EC0-301F-11D3-BF4B-00C04F79EFBC}") = "TestController.Reporting", "TestController.Reporting\TestController.Reporting.csproj", "{44919122-0E53-4EFE-A7B5-2DC13B208356}"
EndProject
Project("{FAE04EC0-301F-11D3-BF4B-00C04F79EFBC}") = "TestController.Impact", "TestController.Impact\TestController.Impact.csproj", "{DF66F7C6-36BF-4247-978E-3CEBF8A35024}"
EndProject
Project("{FAE04EC0-301F-11D3-BF4B-00C04F79EFBC}") = "TestController.ImpactEval", "TestController.ImpactEval\TestController.ImpactEval.csproj", "{C3F07162-5396-4980-B459-3A624CCED17F}"
EndProject
Global
	GlobalSection(SolutionConfigurationPlatforms) = preSolution
		Debug|Any CPU = Debug|Any CPU
		Debug|x64 = Debug|x64
		Debug|x86 = Debug|x86
		Release|Any CPU = Release|Any CPU
		Release|x64 = Release|x64
		Release|x86 = Release|x86
	EndGlobalSection
	GlobalSection(ProjectConfigurationPlatforms) = postSolution
		{B1A2C3D4-1111-2222-3333-444455556666}.Debug|Any CPU.ActiveCfg = Debug|Any CPU
		{B1A2C3D4-1111-2222-3333-444455556666}.Debug|Any CPU.Build.0 = Debug|Any CPU
		{B1A2C3D4-1111-2222-3333-444455556666}.Debug|x64.ActiveCfg = Debug|Any CPU
		{B1A2C3D4-1111-2222-3333-444455556666}.Debug|x64.Build.0 = Debug|Any CPU
		{B1A2C3D4-1111-2222-3333-444455556666}.Debug|x86.ActiveCfg = Debug|Any CPU
		{B1A2C3D4-1111-2222-3333-444455556666}.Debug|x86.Build.0 = Debug|Any CPU
		{B1A2C3D4-1111-2222-3333-444455556666}.Release|Any CPU.ActiveCfg = Release|Any CPU
		{B1A2C3D4-1111-2222-3333-444455556666}.Release|Any CPU.Build.0 = Release|Any CPU
		{B1A2C3D4-1111-2222-3333-444455556666}.Release|x64.ActiveCfg = Release|Any CPU
		{B1A2C3D4-1111-2222-3333-444455556666}.Release|x64.Build.0 = Release|Any CPU
		{B1A2C3D4-1111-2222-3333-444455556666}.Release|x86.ActiveCfg = Release|Any CPU
		{B1A2C3D4-1111-2222-3333-444455556666}.Release|x86.Build.0 = Release|Any CPU
		{B1A2C3D4-7777-8888-9999-AAAABBBBCCCC}.Debug|Any CPU.ActiveCfg = Debug|Any CPU
		{B1A2C3D4-7777-8888-9999-AAAABBBBCCCC}.Debug|Any CPU.Build.0 = Debug|Any CPU
		{B1A2C3D4-7777-8888-9999-AAAABBBBCCCC}.Debug|x64.ActiveCfg = Debug|Any CPU
		{B1A2C3D4-7777-8888-9999-AAAABBBBCCCC}.Debug|x64.Build.0 = Debug|Any CPU
		{B1A2C3D4-7777-8888-9999-AAAABBBBCCCC}.Debug|x86.ActiveCfg = Debug|Any CPU
		{B1A2C3D4-7777-8888-9999-AAAABBBBCCCC}.Debug|x86.Build.0 = Debug|Any CPU
		{B1A2C3D4-7777-8888-9999-AAAABBBBCCCC}.Release|Any CPU.ActiveCfg = Release|Any CPU
		{B1A2C3D4-7777-8888-9999-AAAABBBBCCCC}.Release|Any CPU.Build.0 = Release|Any CPU
		{B1A2C3D4-7777-8888-9999-AAAABBBBCCCC}.Release|x64.ActiveCfg = Release|Any CPU
		{B1A2C3D4-7777-8888-9999-AAAABBBBCCCC}.Release|x64.Build.0 = Release|Any CPU
		{B1A2C3D4-7777-8888-9999-AAAABBBBCCCC}.Release|x86.ActiveCfg = Release|Any CPU
		{B1A2C3D4-7777-8888-9999-AAAABBBBCCCC}.Release|x86.Build.0 = Release|Any CPU
		{C7E1B2A4-9D3F-4E6A-8B12-7F0A5C9D3E11}.Debug|Any CPU.ActiveCfg = Debug|Any CPU
		{C7E1B2A4-9D3F-4E6A-8B12-7F0A5C9D3E11}.Debug|Any CPU.Build.0 = Debug|Any CPU
		{C7E1B2A4-9D3F-4E6A-8B12-7F0A5C9D3E11}.Debug|x64.ActiveCfg = Debug|Any CPU
		{C7E1B2A4-9D3F-4E6A-8B12-7F0A5C9D3E11}.Debug|x64.Build.0 = Debug|Any CPU
		{C7E1B2A4-9D3F-4E6A-8B12-7F0A5C9D3E11}.Debug|x86.ActiveCfg = Debug|Any CPU
		{C7E1B2A4-9D3F-4E6A-8B12-7F0A5C9D3E11}.Debug|x86.Build.0 = Debug|Any CPU
		{C7E1B2A4-9D3F-4E6A-8B12-7F0A5C9D3E11}.Release|Any CPU.ActiveCfg = Release|Any CPU
		{C7E1B2A4-9D3F-4E6A-8B12-7F0A5C9D3E11}.Release|Any CPU.Build.0 = Release|Any CPU
		{C7E1B2A4-9D3F-4E6A-8B12-7F0A5C9D3E11}.Release|x64.ActiveCfg = Release|Any CPU
		{C7E1B2A4-9D3F-4E6A-8B12-7F0A5C9D3E11}.Release|x64.Build.0 = Release|Any CPU
		{C7E1B2A4-9D3F-4E6A-8B12-7F0A5C9D3E11}.Release|x86.ActiveCfg = Release|Any CPU
		{C7E1B2A4-9D3F-4E6A-8B12-7F0A5C9D3E11}.Release|x86.Build.0 = Release|Any CPU
		{B1A2C3D4-DDDD-EEEE-FFFF-111122223333}.Debug|Any CPU.ActiveCfg = Debug|Any CPU
		{B1A2C3D4-DDDD-EEEE-FFFF-111122223333}.Debug|Any CPU.Build.0 = Debug|Any CPU
		{B1A2C3D4-DDDD-EEEE-FFFF-111122223333}.Debug|x64.ActiveCfg = Debug|Any CPU
		{B1A2C3D4-DDDD-EEEE-FFFF-111122223333}.Debug|x64.Build.0 = Debug|Any CPU
		{B1A2C3D4-DDDD-EEEE-FFFF-111122223333}.Debug|x86.ActiveCfg = Debug|Any CPU
		{B1A2C3D4-DDDD-EEEE-FFFF-111122223333}.Debug|x86.Build.0 = Debug|Any CPU
		{B1A2C3D4-DDDD-EEEE-FFFF-111122223333}.Release|Any CPU.ActiveCfg = Release|Any CPU
		{B1A2C3D4-DDDD-EEEE-FFFF-111122223333}.Release|Any CPU.Build.0 = Release|Any CPU
		{B1A2C3D4-DDDD-EEEE-FFFF-111122223333}.Release|x64.ActiveCfg = Release|Any CPU
		{B1A2C3D4-DDDD-EEEE-FFFF-111122223333}.Release|x64.Build.0 = Release|Any CPU
		{B1A2C3D4-DDDD-EEEE-FFFF-111122223333}.Release|x86.ActiveCfg = Release|Any CPU
		{B1A2C3D4-DDDD-EEEE-FFFF-111122223333}.Release|x86.Build.0 = Release|Any CPU
		{B4651753-9CC5-41AC-A19B-A01BF28E7AFA}.Debug|Any CPU.ActiveCfg = Debug|Any CPU
		{B4651753-9CC5-41AC-A19B-A01BF28E7AFA}.Debug|Any CPU.Build.0 = Debug|Any CPU
		{B4651753-9CC5-41AC-A19B-A01BF28E7AFA}.Debug|x64.ActiveCfg = Debug|Any CPU
		{B4651753-9CC5-41AC-A19B-A01BF28E7AFA}.Debug|x64.Build.0 = Debug|Any CPU
		{B4651753-9CC5-41AC-A19B-A01BF28E7AFA}.Debug|x86.ActiveCfg = Debug|Any CPU
		{B4651753-9CC5-41AC-A19B-A01BF28E7AFA}.Debug|x86.Build.0 = Debug|Any CPU
		{B4651753-9CC5-41AC-A19B-A01BF28E7AFA}.Release|Any CPU.ActiveCfg = Release|Any CPU
		{B4651753-9CC5-41AC-A19B-A01BF28E7AFA}.Release|Any CPU.Build.0 = Release|Any CPU
		{B4651753-9CC5-41AC-A19B-A01BF28E7AFA}.Release|x64.ActiveCfg = Release|Any CPU
		{B4651753-9CC5-41AC-A19B-A01BF28E7AFA}.Release|x64.Build.0 = Release|Any CPU
		{B4651753-9CC5-41AC-A19B-A01BF28E7AFA}.Release|x86.ActiveCfg = Release|Any CPU
		{B4651753-9CC5-41AC-A19B-A01BF28E7AFA}.Release|x86.Build.0 = Release|Any CPU
		{9FF5727F-4BAB-44F4-BAA6-F83DE3F6367C}.Debug|Any CPU.ActiveCfg = Debug|Any CPU
		{9FF5727F-4BAB-44F4-BAA6-F83DE3F6367C}.Debug|Any CPU.Build.0 = Debug|Any CPU
		{9FF5727F-4BAB-44F4-BAA6-F83DE3F6367C}.Debug|x64.ActiveCfg = Debug|Any CPU
		{9FF5727F-4BAB-44F4-BAA6-F83DE3F6367C}.Debug|x64.Build.0 = Debug|Any CPU
		{9FF5727F-4BAB-44F4-BAA6-F83DE3F6367C}.Debug|x86.ActiveCfg = Debug|Any CPU
		{9FF5727F-4BAB-44F4-BAA6-F83DE3F6367C}.Debug|x86.Build.0 = Debug|Any CPU
		{9FF5727F-4BAB-44F4-BAA6-F83DE3F6367C}.Release|Any CPU.ActiveCfg = Release|Any CPU
		{9FF5727F-4BAB-44F4-BAA6-F83DE3F6367C}.Release|Any CPU.Build.0 = Release|Any CPU
		{9FF5727F-4BAB-44F4-BAA6-F83DE3F6367C}.Release|x64.ActiveCfg = Release|Any CPU
		{9FF5727F-4BAB-44F4-BAA6-F83DE3F6367C}.Release|x64.Build.0 = Release|Any CPU
		{9FF5727F-4BAB-44F4-BAA6-F83DE3F6367C}.Release|x86.ActiveCfg = Release|Any CPU
		{9FF5727F-4BAB-44F4-BAA6-F83DE3F6367C}.Release|x86.Build.0 = Release|Any CPU
		{B5C11169-D14C-4AD4-849C-B6DFC1791A2D}.Debug|Any CPU.ActiveCfg = Debug|Any CPU
		{B5C11169-D14C-4AD4-849C-B6DFC1791A2D}.Debug|Any CPU.Build.0 = Debug|Any CPU
		{B5C11169-D14C-4AD4-849C-B6DFC1791A2D}.Debug|x64.ActiveCfg = Debug|Any CPU
		{B5C11169-D14C-4AD4-849C-B6DFC1791A2D}.Debug|x64.Build.0 = Debug|Any CPU
		{B5C11169-D14C-4AD4-849C-B6DFC1791A2D}.Debug|x86.ActiveCfg = Debug|Any CPU
		{B5C11169-D14C-4AD4-849C-B6DFC1791A2D}.Debug|x86.Build.0 = Debug|Any CPU
		{B5C11169-D14C-4AD4-849C-B6DFC1791A2D}.Release|Any CPU.ActiveCfg = Release|Any CPU
		{B5C11169-D14C-4AD4-849C-B6DFC1791A2D}.Release|Any CPU.Build.0 = Release|Any CPU
		{B5C11169-D14C-4AD4-849C-B6DFC1791A2D}.Release|x64.ActiveCfg = Release|Any CPU
		{B5C11169-D14C-4AD4-849C-B6DFC1791A2D}.Release|x64.Build.0 = Release|Any CPU
		{B5C11169-D14C-4AD4-849C-B6DFC1791A2D}.Release|x86.ActiveCfg = Release|Any CPU
		{B5C11169-D14C-4AD4-849C-B6DFC1791A2D}.Release|x86.Build.0 = Release|Any CPU
		{CD8C8BCD-E5AF-BD6C-BDAA-D490C880F539}.Debug|Any CPU.ActiveCfg = Debug|Any CPU
		{CD8C8BCD-E5AF-BD6C-BDAA-D490C880F539}.Debug|Any CPU.Build.0 = Debug|Any CPU
		{CD8C8BCD-E5AF-BD6C-BDAA-D490C880F539}.Debug|x64.ActiveCfg = Debug|Any CPU
		{CD8C8BCD-E5AF-BD6C-BDAA-D490C880F539}.Debug|x64.Build.0 = Debug|Any CPU
		{CD8C8BCD-E5AF-BD6C-BDAA-D490C880F539}.Debug|x86.ActiveCfg = Debug|Any CPU
		{CD8C8BCD-E5AF-BD6C-BDAA-D490C880F539}.Debug|x86.Build.0 = Debug|Any CPU
		{CD8C8BCD-E5AF-BD6C-BDAA-D490C880F539}.Release|Any CPU.ActiveCfg = Release|Any CPU
		{CD8C8BCD-E5AF-BD6C-BDAA-D490C880F539}.Release|Any CPU.Build.0 = Release|Any CPU
		{CD8C8BCD-E5AF-BD6C-BDAA-D490C880F539}.Release|x64.ActiveCfg = Release|Any CPU
		{CD8C8BCD-E5AF-BD6C-BDAA-D490C880F539}.Release|x64.Build.0 = Release|Any CPU
		{CD8C8BCD-E5AF-BD6C-BDAA-D490C880F539}.Release|x86.ActiveCfg = Release|Any CPU
		{CD8C8BCD-E5AF-BD6C-BDAA-D490C880F539}.Release|x86.Build.0 = Release|Any CPU
		{9774A34C-28A4-4F70-A5BA-EA5AB39B2381}.Debug|Any CPU.ActiveCfg = Debug|Any CPU
		{9774A34C-28A4-4F70-A5BA-EA5AB39B2381}.Debug|Any CPU.Build.0 = Debug|Any CPU
		{9774A34C-28A4-4F70-A5BA-EA5AB39B2381}.Debug|x64.ActiveCfg = Debug|Any CPU
		{9774A34C-28A4-4F70-A5BA-EA5AB39B2381}.Debug|x64.Build.0 = Debug|Any CPU
		{9774A34C-28A4-4F70-A5BA-EA5AB39B2381}.Debug|x86.ActiveCfg = Debug|Any CPU
		{9774A34C-28A4-4F70-A5BA-EA5AB39B2381}.Debug|x86.Build.0 = Debug|Any CPU
		{9774A34C-28A4-4F70-A5BA-EA5AB39B2381}.Release|Any CPU.ActiveCfg = Release|Any CPU
		{9774A34C-28A4-4F70-A5BA-EA5AB39B2381}.Release|Any CPU.Build.0 = Release|Any CPU
		{9774A34C-28A4-4F70-A5BA-EA5AB39B2381}.Release|x64.ActiveCfg = Release|Any CPU
		{9774A34C-28A4-4F70-A5BA-EA5AB39B2381}.Release|x64.Build.0 = Release|Any CPU
		{9774A34C-28A4-4F70-A5BA-EA5AB39B2381}.Release|x86.ActiveCfg = Release|Any CPU
		{9774A34C-28A4-4F70-A5BA-EA5AB39B2381}.Release|x86.Build.0 = Release|Any CPU
		{ACA2E0E5-A068-4E68-98C9-9BF71CF56FF0}.Debug|Any CPU.ActiveCfg = Debug|Any CPU
		{ACA2E0E5-A068-4E68-98C9-9BF71CF56FF0}.Debug|Any CPU.Build.0 = Debug|Any CPU
		{ACA2E0E5-A068-4E68-98C9-9BF71CF56FF0}.Debug|x64.ActiveCfg = Debug|Any CPU
		{ACA2E0E5-A068-4E68-98C9-9BF71CF56FF0}.Debug|x64.Build.0 = Debug|Any CPU
		{ACA2E0E5-A068-4E68-98C9-9BF71CF56FF0}.Debug|x86.ActiveCfg = Debug|Any CPU
		{ACA2E0E5-A068-4E68-98C9-9BF71CF56FF0}.Debug|x86.Build.0 = Debug|Any CPU
		{ACA2E0E5-A068-4E68-98C9-9BF71CF56FF0}.Release|Any CPU.ActiveCfg = Release|Any CPU
		{ACA2E0E5-A068-4E68-98C9-9BF71CF56FF0}.Release|Any CPU.Build.0 = Release|Any CPU
		{ACA2E0E5-A068-4E68-98C9-9BF71CF56FF0}.Release|x64.ActiveCfg = Release|Any CPU
		{ACA2E0E5-A068-4E68-98C9-9BF71CF56FF0}.Release|x64.Build.0 = Release|Any CPU
		{ACA2E0E5-A068-4E68-98C9-9BF71CF56FF0}.Release|x86.ActiveCfg = Release|Any CPU
		{ACA2E0E5-A068-4E68-98C9-9BF71CF56FF0}.Release|x86.Build.0 = Release|Any CPU
		{5ADF1F3C-D0BA-4B91-BEA6-2E26CA1718C4}.Debug|Any CPU.ActiveCfg = Debug|Any CPU
		{5ADF1F3C-D0BA-4B91-BEA6-2E26CA1718C4}.Debug|Any CPU.Build.0 = Debug|Any CPU
		{5ADF1F3C-D0BA-4B91-BEA6-2E26CA1718C4}.Debug|x64.ActiveCfg = Debug|Any CPU
		{5ADF1F3C-D0BA-4B91-BEA6-2E26CA1718C4}.Debug|x64.Build.0 = Debug|Any CPU
		{5ADF1F3C-D0BA-4B91-BEA6-2E26CA1718C4}.Debug|x86.ActiveCfg = Debug|Any CPU
		{5ADF1F3C-D0BA-4B91-BEA6-2E26CA1718C4}.Debug|x86.Build.0 = Debug|Any CPU
		{5ADF1F3C-D0BA-4B91-BEA6-2E26CA1718C4}.Release|Any CPU.ActiveCfg = Release|Any CPU
		{5ADF1F3C-D0BA-4B91-BEA6-2E26CA1718C4}.Release|Any CPU.Build.0 = Release|Any CPU
		{5ADF1F3C-D0BA-4B91-BEA6-2E26CA1718C4}.Release|x64.ActiveCfg = Release|Any CPU
		{5ADF1F3C-D0BA-4B91-BEA6-2E26CA1718C4}.Release|x64.Build.0 = Release|Any CPU
		{5ADF1F3C-D0BA-4B91-BEA6-2E26CA1718C4}.Release|x86.ActiveCfg = Release|Any CPU
		{5ADF1F3C-D0BA-4B91-BEA6-2E26CA1718C4}.Release|x86.Build.0 = Release|Any CPU
		{B3C8E79A-5414-4891-B7D0-B193AF01CC4A}.Debug|Any CPU.ActiveCfg = Debug|Any CPU
		{B3C8E79A-5414-4891-B7D0-B193AF01CC4A}.Debug|Any CPU.Build.0 = Debug|Any CPU
		{B3C8E79A-5414-4891-B7D0-B193AF01CC4A}.Debug|x64.ActiveCfg = Debug|Any CPU
		{B3C8E79A-5414-4891-B7D0-B193AF01CC4A}.Debug|x64.Build.0 = Debug|Any CPU
		{B3C8E79A-5414-4891-B7D0-B193AF01CC4A}.Debug|x86.ActiveCfg = Debug|Any CPU
		{B3C8E79A-5414-4891-B7D0-B193AF01CC4A}.Debug|x86.Build.0 = Debug|Any CPU
		{B3C8E79A-5414-4891-B7D0-B193AF01CC4A}.Release|Any CPU.ActiveCfg = Release|Any CPU
		{B3C8E79A-5414-4891-B7D0-B193AF01CC4A}.Release|Any CPU.Build.0 = Release|Any CPU
		{B3C8E79A-5414-4891-B7D0-B193AF01CC4A}.Release|x64.ActiveCfg = Release|Any CPU
		{B3C8E79A-5414-4891-B7D0-B193AF01CC4A}.Release|x64.Build.0 = Release|Any CPU
		{B3C8E79A-5414-4891-B7D0-B193AF01CC4A}.Release|x86.ActiveCfg = Release|Any CPU
		{B3C8E79A-5414-4891-B7D0-B193AF01CC4A}.Release|x86.Build.0 = Release|Any CPU
		{AA3E83C1-7432-4775-A310-99839D74A73D}.Debug|Any CPU.ActiveCfg = Debug|Any CPU
		{AA3E83C1-7432-4775-A310-99839D74A73D}.Debug|Any CPU.Build.0 = Debug|Any CPU
		{AA3E83C1-7432-4775-A310-99839D74A73D}.Debug|x64.ActiveCfg = Debug|Any CPU
		{AA3E83C1-7432-4775-A310-99839D74A73D}.Debug|x64.Build.0 = Debug|Any CPU
		{AA3E83C1-7432-4775-A310-99839D74A73D}.Debug|x86.ActiveCfg = Debug|Any CPU
		{AA3E83C1-7432-4775-A310-99839D74A73D}.Debug|x86.Build.0 = Debug|Any CPU
		{AA3E83C1-7432-4775-A310-99839D74A73D}.Release|Any CPU.ActiveCfg = Release|Any CPU
		{AA3E83C1-7432-4775-A310-99839D74A73D}.Release|Any CPU.Build.0 = Release|Any CPU
		{AA3E83C1-7432-4775-A310-99839D74A73D}.Release|x64.ActiveCfg = Release|Any CPU
		{AA3E83C1-7432-4775-A310-99839D74A73D}.Release|x64.Build.0 = Release|Any CPU
		{AA3E83C1-7432-4775-A310-99839D74A73D}.Release|x86.ActiveCfg = Release|Any CPU
		{AA3E83C1-7432-4775-A310-99839D74A73D}.Release|x86.Build.0 = Release|Any CPU
		{44919122-0E53-4EFE-A7B5-2DC13B208356}.Debug|Any CPU.ActiveCfg = Debug|Any CPU
		{44919122-0E53-4EFE-A7B5-2DC13B208356}.Debug|Any CPU.Build.0 = Debug|Any CPU
		{44919122-0E53-4EFE-A7B5-2DC13B208356}.Debug|x64.ActiveCfg = Debug|Any CPU
		{44919122-0E53-4EFE-A7B5-2DC13B208356}.Debug|x64.Build.0 = Debug|Any CPU
		{44919122-0E53-4EFE-A7B5-2DC13B208356}.Debug|x86.ActiveCfg = Debug|Any CPU
		{44919122-0E53-4EFE-A7B5-2DC13B208356}.Debug|x86.Build.0 = Debug|Any CPU
		{44919122-0E53-4EFE-A7B5-2DC13B208356}.Release|Any CPU.ActiveCfg = Release|Any CPU
		{44919122-0E53-4EFE-A7B5-2DC13B208356}.Release|Any CPU.Build.0 = Release|Any CPU
		{44919122-0E53-4EFE-A7B5-2DC13B208356}.Release|x64.ActiveCfg = Release|Any CPU
		{44919122-0E53-4EFE-A7B5-2DC13B208356}.Release|x64.Build.0 = Release|Any CPU
		{44919122-0E53-4EFE-A7B5-2DC13B208356}.Release|x86.ActiveCfg = Release|Any CPU
		{44919122-0E53-4EFE-A7B5-2DC13B208356}.Release|x86.Build.0 = Release|Any CPU
		{DF66F7C6-36BF-4247-978E-3CEBF8A35024}.Debug|Any CPU.ActiveCfg = Debug|Any CPU
		{DF66F7C6-36BF-4247-978E-3CEBF8A35024}.Debug|Any CPU.Build.0 = Debug|Any CPU
		{DF66F7C6-36BF-4247-978E-3CEBF8A35024}.Debug|x64.ActiveCfg = Debug|Any CPU
		{DF66F7C6-36BF-4247-978E-3CEBF8A35024}.Debug|x64.Build.0 = Debug|Any CPU
		{DF66F7C6-36BF-4247-978E-3CEBF8A35024}.Debug|x86.ActiveCfg = Debug|Any CPU
		{DF66F7C6-36BF-4247-978E-3CEBF8A35024}.Debug|x86.Build.0 = Debug|Any CPU
		{DF66F7C6-36BF-4247-978E-3CEBF8A35024}.Release|Any CPU.ActiveCfg = Release|Any CPU
		{DF66F7C6-36BF-4247-978E-3CEBF8A35024}.Release|Any CPU.Build.0 = Release|Any CPU
		{DF66F7C6-36BF-4247-978E-3CEBF8A35024}.Release|x64.ActiveCfg = Release|Any CPU
		{DF66F7C6-36BF-4247-978E-3CEBF8A35024}.Release|x64.Build.0 = Release|Any CPU
		{DF66F7C6-36BF-4247-978E-3CEBF8A35024}.Release|x86.ActiveCfg = Release|Any CPU
		{DF66F7C6-36BF-4247-978E-3CEBF8A35024}.Release|x86.Build.0 = Release|Any CPU
		{C3F07162-5396-4980-B459-3A624CCED17F}.Debug|Any CPU.ActiveCfg = Debug|Any CPU
		{C3F07162-5396-4980-B459-3A624CCED17F}.Debug|Any CPU.Build.0 = Debug|Any CPU
		{C3F07162-5396-4980-B459-3A624CCED17F}.Debug|x64.ActiveCfg = Debug|Any CPU
		{C3F07162-5396-4980-B459-3A624CCED17F}.Debug|x64.Build.0 = Debug|Any CPU
		{C3F07162-5396-4980-B459-3A624CCED17F}.Debug|x86.ActiveCfg = Debug|Any CPU
		{C3F07162-5396-4980-B459-3A624CCED17F}.Debug|x86.Build.0 = Debug|Any CPU
		{C3F07162-5396-4980-B459-3A624CCED17F}.Release|Any CPU.ActiveCfg = Release|Any CPU
		{C3F07162-5396-4980-B459-3A624CCED17F}.Release|Any CPU.Build.0 = Release|Any CPU
		{C3F07162-5396-4980-B459-3A624CCED17F}.Release|x64.ActiveCfg = Release|Any CPU
		{C3F07162-5396-4980-B459-3A624CCED17F}.Release|x64.Build.0 = Release|Any CPU
		{C3F07162-5396-4980-B459-3A624CCED17F}.Release|x86.ActiveCfg = Release|Any CPU
		{C3F07162-5396-4980-B459-3A624CCED17F}.Release|x86.Build.0 = Release|Any CPU
	EndGlobalSection
	GlobalSection(SolutionProperties) = preSolution
		HideSolutionNode = FALSE
	EndGlobalSection
	GlobalSection(ExtensibilityGlobals) = postSolution
		SolutionGuid = {1FB0780D-7A1F-4876-A1E6-429C5A237AB3}
	EndGlobalSection
EndGlobal
